
Microsoft Visual Studio Solution File, Format Version 12.00
# Visual Studio Version 17
VisualStudioVersion = 17.6.33712.159
MinimumVisualStudioVersion = 10.0.40219.1
Project("{FAE04EC0-301F-11D3-BF4B-00C04F79EFBC}") = "TESTE DE FORM E DB", "TESTE DE FORM E DB\TESTE DE FORM E DB.csproj", "{7914F2C4-BD6D-4714-8C89-06852B1389EF}"
EndProject
Global
	GlobalSection(SolutionConfigurationPlatforms) = preSolution
		Debug|Any CPU = Debug|Any CPU
		Release|Any CPU = Release|Any CPU
	EndGlobalSection
	GlobalSection(ProjectConfigurationPlatforms) = postSolution
		{7914F2C4-BD6D-4714-8C89-06852B1389EF}.Debug|Any CPU.ActiveCfg = Debug|Any CPU
		{7914F2C4-BD6D-4714-8C89-06852B1389EF}.Debug|Any CPU.Build.0 = Debug|Any CPU
		{7914F2C4-BD6D-4714-8C89-06852B1389EF}.Release|Any CPU.ActiveCfg = Release|Any CPU
		{7914F2C4-BD6D-4714-8C89-06852B1389EF}.Release|Any CPU.Build.0 = Release|Any CPU
	EndGlobalSection
	GlobalSection(SolutionProperties) = preSolution
		HideSolutionNode = FALSE
	EndGlobalSection
	GlobalSection(ExtensibilityGlobals) = postSolution
		SolutionGuid = {8F756B14-1CFB-442D-B4F0-AC91258C38C5}
	EndGlobalSection
EndGlobal
